
Microsoft Visual Studio Solution File, Format Version 12.00
# Visual Studio Version 17
VisualStudioVersion = 17.3.32804.467
MinimumVisualStudioVersion = 10.0.40219.1
Project("{FAE04EC0-301F-11D3-BF4B-00C04F79EFBC}") = "ClassDemoKaffe", "ClassDemoKaffe\ClassDemoKaffe.csproj", "{9737FDCA-ECA2-401A-AC06-E1CD01A0152B}"
EndProject
Global
	GlobalSection(SolutionConfigurationPlatforms) = preSolution
		Debug|Any CPU = Debug|Any CPU
		Release|Any CPU = Release|Any CPU
	EndGlobalSection
	GlobalSection(ProjectConfigurationPlatforms) = postSolution
		{9737FDCA-ECA2-401A-AC06-E1CD01A0152B}.Debug|Any CPU.ActiveCfg = Debug|Any CPU
		{9737FDCA-ECA2-401A-AC06-E1CD01A0152B}.Debug|Any CPU.Build.0 = Debug|Any CPU
		{9737FDCA-ECA2-401A-AC06-E1CD01A0152B}.Release|Any CPU.ActiveCfg = Release|Any CPU
		{9737FDCA-ECA2-401A-AC06-E1CD01A0152B}.Release|Any CPU.Build.0 = Release|Any CPU
	EndGlobalSection
	GlobalSection(SolutionProperties) = preSolution
		HideSolutionNode = FALSE
	EndGlobalSection
	GlobalSection(ExtensibilityGlobals) = postSolution
		SolutionGuid = {853E2607-3915-4989-B114-87BC1305C0FC}
	EndGlobalSection
EndGlobal
